{
  "object": {
    "pins": [
      {
        "package": "Archivable",
        "repositoryURL": "https://github.com/archivable/package.git",
        "state": {
          "branch": "main",
          "revision": "99a2c9f32842cc5abc252824627f6b5cc761552e",
          "version": null
        }
      }
    ]
  },
  "version": 1
}
